
Microsoft Visual Studio Solution File, Format Version 12.00
# Visual Studio Version 17
VisualStudioVersion = 17.7.34024.191
MinimumVisualStudioVersion = 10.0.40219.1
Project("{FAE04EC0-301F-11D3-BF4B-00C04F79EFBC}") = "Wen.WpfApp", "Wen.WpfApp\Wen.WpfApp.csproj", "{1A28DFEA-80CD-4C69-8EBC-9F3F110D486A}"
EndProject
Global
	GlobalSection(SolutionConfigurationPlatforms) = preSolution
		Debug|Any CPU = Debug|Any CPU
		Release|Any CPU = Release|Any CPU
	EndGlobalSection
	GlobalSection(ProjectConfigurationPlatforms) = postSolution
		{1A28DFEA-80CD-4C69-8EBC-9F3F110D486A}.Debug|Any CPU.ActiveCfg = Debug|Any CPU
		{1A28DFEA-80CD-4C69-8EBC-9F3F110D486A}.Debug|Any CPU.Build.0 = Debug|Any CPU
		{1A28DFEA-80CD-4C69-8EBC-9F3F110D486A}.Release|Any CPU.ActiveCfg = Release|Any CPU
		{1A28DFEA-80CD-4C69-8EBC-9F3F110D486A}.Release|Any CPU.Build.0 = Release|Any CPU
	EndGlobalSection
	GlobalSection(SolutionProperties) = preSolution
		HideSolutionNode = FALSE
	EndGlobalSection
	GlobalSection(ExtensibilityGlobals) = postSolution
		SolutionGuid = {3A2B5CEC-5930-47CF-BBF1-B3B3B0D2348A}
	EndGlobalSection
EndGlobal
